<?xml version="1.0" encoding="utf-8"?>
<Project ToolsVersion="4.0" xmlns="http://schemas.microsoft.com/developer/msbuild/2003">
  <ItemGroup>
    <Filter Include="Source Files">
      <UniqueIdentifier>{4FC737F1-C7A5-4376-A066-2A32D752A2FF}</UniqueIdentifier>
      <Extensions>cpp;c;cc;cxx;def;odl;idl;hpj;bat;asm;asmx</Extensions>
    </Filter>
    <Filter Include="Header Files">
      <UniqueIdentifier>{93995380-89BD-4b04-88EB-625FBE52EBFB}</UniqueIdentifier>
      <Extensions>h;hh;hpp;hxx;hm;inl;inc;xsd</Extensions>
    </Filter>
    <Filter Include="Resource Files">
      <UniqueIdentifier>{67DA6AB6-F800-4c08-8B7A-83BB121AAD01}</UniqueIdentifier>
      <Extensions>rc;ico;cur;bmp;dlg;rc2;rct;bin;rgs;gif;jpg;jpeg;jpe;resx;tiff;tif;png;wav;mfcribbon-ms</Extensions>
    </Filter>
  </ItemGroup>
  <ItemGroup>
    <ClCompile Include="kolonia.cpp">
      <Filter>Source Files</Filter>
    </ClCompile>
    <ClCompile Include="SButton.cpp">
      <Filter>Source Files</Filter>
    </ClCompile>
    <ClCompile Include="sdl_enums.cpp">
      <Filter>Source Files</Filter>
    </ClCompile>
    <ClCompile Include="sdl_functions.cpp">
      <Filter>Source Files</Filter>
    </ClCompile>
    <ClCompile Include="sdl_objects.cpp">
      <Filter>Source Files</Filter>
    </ClCompile>
    <ClCompile Include="sdl_variables.cpp">
      <Filter>Source Files</Filter>
    </ClCompile>
    <ClCompile Include="STexture.cpp">
      <Filter>Source Files</Filter>
    </ClCompile>
    <ClCompile Include="STimer.cpp">
      <Filter>Source Files</Filter>
    </ClCompile>
    <ClCompile Include="core\Building.cpp">
      <Filter>Source Files</Filter>
    </ClCompile>
    <ClCompile Include="core\House.cpp">
      <Filter>Source Files</Filter>
    </ClCompile>
    <ClCompile Include="core\Industrial.cpp">
      <Filter>Source Files</Filter>
    </ClCompile>
    <ClCompile Include="core\Magazine.cpp">
      <Filter>Source Files</Filter>
    </ClCompile>
    <ClCompile Include="core\People.cpp">
      <Filter>Source Files</Filter>
    </ClCompile>
    <ClCompile Include="core\Processing.cpp">
      <Filter>Source Files</Filter>
    </ClCompile>
    <ClCompile Include="core\Production.cpp">
      <Filter>Source Files</Filter>
    </ClCompile>
    <ClCompile Include="core\Public.cpp">
      <Filter>Source Files</Filter>
    </ClCompile>
    <ClCompile Include="core\Resource.cpp">
      <Filter>Source Files</Filter>
    </ClCompile>
  </ItemGroup>
  <ItemGroup>
    <None Include="libFLAC-8.dll" />
    <None Include="libfreetype-6.dll" />
    <None Include="libjpeg-9.dll" />
    <None Include="libmodplug-1.dll" />
    <None Include="libogg-0.dll" />
    <None Include="libpng16-16.dll" />
    <None Include="libtiff-5.dll" />
    <None Include="libvorbis-0.dll" />
    <None Include="libvorbisfile-3.dll" />
    <None Include="libwebp-4.dll" />
    <None Include="SDL2.dll" />
    <None Include="SDL2_image.dll" />
    <None Include="SDL2_mixer.dll" />
    <None Include="SDL2_ttf.dll" />
    <None Include="smpeg2.dll" />
    <None Include="zlib1.dll" />
  </ItemGroup>
  <ItemGroup>
    <ClInclude Include="SButton.h">
      <Filter>Header Files</Filter>
    </ClInclude>
    <ClInclude Include="sdl_consts.h">
      <Filter>Header Files</Filter>
    </ClInclude>
    <ClInclude Include="sdl_enums.h">
      <Filter>Header Files</Filter>
    </ClInclude>
    <ClInclude Include="sdl_functions.h">
      <Filter>Header Files</Filter>
    </ClInclude>
    <ClInclude Include="sdl_objects.h">
      <Filter>Header Files</Filter>
    </ClInclude>
    <ClInclude Include="sdl_variables.h">
      <Filter>Header Files</Filter>
    </ClInclude>
    <ClInclude Include="STexture.h">
      <Filter>Header Files</Filter>
    </ClInclude>
    <ClInclude Include="STimer.h">
      <Filter>Header Files</Filter>
    </ClInclude>
    <ClInclude Include="core\Building.h">
      <Filter>Header Files</Filter>
    </ClInclude>
    <ClInclude Include="core\House.h">
      <Filter>Header Files</Filter>
    </ClInclude>
    <ClInclude Include="core\Industrial.h">
      <Filter>Header Files</Filter>
    </ClInclude>
    <ClInclude Include="core\Magazine.h">
      <Filter>Header Files</Filter>
    </ClInclude>
    <ClInclude Include="core\People.h">
      <Filter>Header Files</Filter>
    </ClInclude>
    <ClInclude Include="core\Processing.h">
      <Filter>Header Files</Filter>
    </ClInclude>
    <ClInclude Include="core\Production.h">
      <Filter>Header Files</Filter>
    </ClInclude>
    <ClInclude Include="core\Public.h">
      <Filter>Header Files</Filter>
    </ClInclude>
    <ClInclude Include="core\Resource.h">
      <Filter>Header Files</Filter>
    </ClInclude>
    <ClInclude Include="resource.h">
      <Filter>Header Files</Filter>
    </ClInclude>
  </ItemGroup>
</Project>